
Microsoft Visual Studio Solution File, Format Version 12.00
# Visual Studio Version 17
VisualStudioVersion = 17.7.34031.279
MinimumVisualStudioVersion = 10.0.40219.1
Project("{FAE04EC0-301F-11D3-BF4B-00C04F79EFBC}") = "Back", "Back\Back.csproj", "{A389ACA9-2CA1-405A-97DC-B77A77F5E631}"
EndProject
Project("{FAE04EC0-301F-11D3-BF4B-00C04F79EFBC}") = "Front", "Front\Front.csproj", "{8C3CFF19-858C-45F6-B5DC-F4E5E9DFBD54}"
EndProject
Global
	GlobalSection(SolutionConfigurationPlatforms) = preSolution
		Debug|Any CPU = Debug|Any CPU
		Release|Any CPU = Release|Any CPU
	EndGlobalSection
	GlobalSection(ProjectConfigurationPlatforms) = postSolution
		{A389ACA9-2CA1-405A-97DC-B77A77F5E631}.Debug|Any CPU.ActiveCfg = Debug|Any CPU
		{A389ACA9-2CA1-405A-97DC-B77A77F5E631}.Debug|Any CPU.Build.0 = Debug|Any CPU
		{A389ACA9-2CA1-405A-97DC-B77A77F5E631}.Release|Any CPU.ActiveCfg = Release|Any CPU
		{A389ACA9-2CA1-405A-97DC-B77A77F5E631}.Release|Any CPU.Build.0 = Release|Any CPU
		{8C3CFF19-858C-45F6-B5DC-F4E5E9DFBD54}.Debug|Any CPU.ActiveCfg = Debug|Any CPU
		{8C3CFF19-858C-45F6-B5DC-F4E5E9DFBD54}.Debug|Any CPU.Build.0 = Debug|Any CPU
		{8C3CFF19-858C-45F6-B5DC-F4E5E9DFBD54}.Release|Any CPU.ActiveCfg = Release|Any CPU
		{8C3CFF19-858C-45F6-B5DC-F4E5E9DFBD54}.Release|Any CPU.Build.0 = Release|Any CPU
	EndGlobalSection
	GlobalSection(SolutionProperties) = preSolution
		HideSolutionNode = FALSE
	EndGlobalSection
	GlobalSection(ExtensibilityGlobals) = postSolution
		SolutionGuid = {D08CD4DA-6561-4DA3-84AE-B367040377DB}
	EndGlobalSection
EndGlobal
