
Microsoft Visual Studio Solution File, Format Version 12.00
# Visual Studio Version 17
VisualStudioVersion = 17.7.34031.279
MinimumVisualStudioVersion = 10.0.40219.1
Project("{FAE04EC0-301F-11D3-BF4B-00C04F79EFBC}") = "Front", "Front\Front.csproj", "{9D9301EC-2895-4DF4-B100-F335AE69D9D2}"
EndProject
Project("{FAE04EC0-301F-11D3-BF4B-00C04F79EFBC}") = "Back", "Back\Back.csproj", "{26194D06-3554-4CAD-936F-35AEDBD0207B}"
EndProject
Global
	GlobalSection(SolutionConfigurationPlatforms) = preSolution
		Debug|Any CPU = Debug|Any CPU
		Release|Any CPU = Release|Any CPU
	EndGlobalSection
	GlobalSection(ProjectConfigurationPlatforms) = postSolution
		{9D9301EC-2895-4DF4-B100-F335AE69D9D2}.Debug|Any CPU.ActiveCfg = Debug|Any CPU
		{9D9301EC-2895-4DF4-B100-F335AE69D9D2}.Debug|Any CPU.Build.0 = Debug|Any CPU
		{9D9301EC-2895-4DF4-B100-F335AE69D9D2}.Release|Any CPU.ActiveCfg = Release|Any CPU
		{9D9301EC-2895-4DF4-B100-F335AE69D9D2}.Release|Any CPU.Build.0 = Release|Any CPU
		{26194D06-3554-4CAD-936F-35AEDBD0207B}.Debug|Any CPU.ActiveCfg = Debug|Any CPU
		{26194D06-3554-4CAD-936F-35AEDBD0207B}.Debug|Any CPU.Build.0 = Debug|Any CPU
		{26194D06-3554-4CAD-936F-35AEDBD0207B}.Release|Any CPU.ActiveCfg = Release|Any CPU
		{26194D06-3554-4CAD-936F-35AEDBD0207B}.Release|Any CPU.Build.0 = Release|Any CPU
	EndGlobalSection
	GlobalSection(SolutionProperties) = preSolution
		HideSolutionNode = FALSE
	EndGlobalSection
	GlobalSection(ExtensibilityGlobals) = postSolution
		SolutionGuid = {64689DDC-4434-4E4B-BF8E-90D4B5E72D1D}
	EndGlobalSection
EndGlobal
